
Microsoft Visual Studio Solution File, Format Version 12.00
# Visual Studio Version 16
VisualStudioVersion = 16.0.31019.35
MinimumVisualStudioVersion = 10.0.40219.1
Project("{8BC9CEB8-8B4A-11D0-8D11-00A0C91BC942}") = "Uygulamalar_C++", "Uygulamalar_C++\Uygulamalar_C++.vcxproj", "{10E97470-E792-4274-8C62-753359E0A376}"
EndProject
Project("{8BC9CEB8-8B4A-11D0-8D11-00A0C91BC942}") = "Class", "Class\Class.vcxproj", "{5D57622C-2D3F-4BE3-A1B1-EF1891056D31}"
EndProject
Project("{8BC9CEB8-8B4A-11D0-8D11-00A0C91BC942}") = "Class - Hedef Nabız Hesaplama", "Class - Hedef Nabız Hesaplama\Class - Hedef Nabız Hesaplama.vcxproj", "{5108FB0A-DB4B-4456-9F62-2FBC99C0C867}"
EndProject
Project("{8BC9CEB8-8B4A-11D0-8D11-00A0C91BC942}") = "Class - Hasta Saglik Kayit", "Class - Hasta Saglik Kayit\Class - Hasta Saglik Kayit.vcxproj", "{5A671398-560C-4AB7-936A-702AFD4E846F}"
EndProject
Project("{8BC9CEB8-8B4A-11D0-8D11-00A0C91BC942}") = "Kontrol Yapilari - Sifreleme", "Kontrol Yapilari - Sifreleme\Kontrol Yapilari - Sifreleme.vcxproj", "{B01AA51D-EFA8-4F80-9ADF-BA2BB4A802C4}"
EndProject
Project("{8BC9CEB8-8B4A-11D0-8D11-00A0C91BC942}") = "Kontrol Yapilari - Dunya Nufus Artisi", "Kontrol Yapilari - Dunya Nufus Artisi\Kontrol Yapilari - Dunya Nufus Artisi.vcxproj", "{2FB62A48-1DCB-4C14-91FD-A9562A9CA4B5}"
EndProject
Global
	GlobalSection(SolutionConfigurationPlatforms) = preSolution
		Debug|x64 = Debug|x64
		Debug|x86 = Debug|x86
		Release|x64 = Release|x64
		Release|x86 = Release|x86
	EndGlobalSection
	GlobalSection(ProjectConfigurationPlatforms) = postSolution
		{10E97470-E792-4274-8C62-753359E0A376}.Debug|x64.ActiveCfg = Debug|x64
		{10E97470-E792-4274-8C62-753359E0A376}.Debug|x64.Build.0 = Debug|x64
		{10E97470-E792-4274-8C62-753359E0A376}.Debug|x86.ActiveCfg = Debug|Win32
		{10E97470-E792-4274-8C62-753359E0A376}.Debug|x86.Build.0 = Debug|Win32
		{10E97470-E792-4274-8C62-753359E0A376}.Release|x64.ActiveCfg = Release|x64
		{10E97470-E792-4274-8C62-753359E0A376}.Release|x64.Build.0 = Release|x64
		{10E97470-E792-4274-8C62-753359E0A376}.Release|x86.ActiveCfg = Release|Win32
		{10E97470-E792-4274-8C62-753359E0A376}.Release|x86.Build.0 = Release|Win32
		{5D57622C-2D3F-4BE3-A1B1-EF1891056D31}.Debug|x64.ActiveCfg = Debug|x64
		{5D57622C-2D3F-4BE3-A1B1-EF1891056D31}.Debug|x64.Build.0 = Debug|x64
		{5D57622C-2D3F-4BE3-A1B1-EF1891056D31}.Debug|x86.ActiveCfg = Debug|Win32
		{5D57622C-2D3F-4BE3-A1B1-EF1891056D31}.Debug|x86.Build.0 = Debug|Win32
		{5D57622C-2D3F-4BE3-A1B1-EF1891056D31}.Release|x64.ActiveCfg = Release|x64
		{5D57622C-2D3F-4BE3-A1B1-EF1891056D31}.Release|x64.Build.0 = Release|x64
		{5D57622C-2D3F-4BE3-A1B1-EF1891056D31}.Release|x86.ActiveCfg = Release|Win32
		{5D57622C-2D3F-4BE3-A1B1-EF1891056D31}.Release|x86.Build.0 = Release|Win32
		{5108FB0A-DB4B-4456-9F62-2FBC99C0C867}.Debug|x64.ActiveCfg = Debug|x64
		{5108FB0A-DB4B-4456-9F62-2FBC99C0C867}.Debug|x64.Build.0 = Debug|x64
		{5108FB0A-DB4B-4456-9F62-2FBC99C0C867}.Debug|x86.ActiveCfg = Debug|Win32
		{5108FB0A-DB4B-4456-9F62-2FBC99C0C867}.Debug|x86.Build.0 = Debug|Win32
		{5108FB0A-DB4B-4456-9F62-2FBC99C0C867}.Release|x64.ActiveCfg = Release|x64
		{5108FB0A-DB4B-4456-9F62-2FBC99C0C867}.Release|x64.Build.0 = Release|x64
		{5108FB0A-DB4B-4456-9F62-2FBC99C0C867}.Release|x86.ActiveCfg = Release|Win32
		{5108FB0A-DB4B-4456-9F62-2FBC99C0C867}.Release|x86.Build.0 = Release|Win32
		{5A671398-560C-4AB7-936A-702AFD4E846F}.Debug|x64.ActiveCfg = Debug|x64
		{5A671398-560C-4AB7-936A-702AFD4E846F}.Debug|x64.Build.0 = Debug|x64
		{5A671398-560C-4AB7-936A-702AFD4E846F}.Debug|x86.ActiveCfg = Debug|Win32
		{5A671398-560C-4AB7-936A-702AFD4E846F}.Debug|x86.Build.0 = Debug|Win32
		{5A671398-560C-4AB7-936A-702AFD4E846F}.Release|x64.ActiveCfg = Release|x64
		{5A671398-560C-4AB7-936A-702AFD4E846F}.Release|x64.Build.0 = Release|x64
		{5A671398-560C-4AB7-936A-702AFD4E846F}.Release|x86.ActiveCfg = Release|Win32
		{5A671398-560C-4AB7-936A-702AFD4E846F}.Release|x86.Build.0 = Release|Win32
		{B01AA51D-EFA8-4F80-9ADF-BA2BB4A802C4}.Debug|x64.ActiveCfg = Debug|x64
		{B01AA51D-EFA8-4F80-9ADF-BA2BB4A802C4}.Debug|x64.Build.0 = Debug|x64
		{B01AA51D-EFA8-4F80-9ADF-BA2BB4A802C4}.Debug|x86.ActiveCfg = Debug|Win32
		{B01AA51D-EFA8-4F80-9ADF-BA2BB4A802C4}.Debug|x86.Build.0 = Debug|Win32
		{B01AA51D-EFA8-4F80-9ADF-BA2BB4A802C4}.Release|x64.ActiveCfg = Release|x64
		{B01AA51D-EFA8-4F80-9ADF-BA2BB4A802C4}.Release|x64.Build.0 = Release|x64
		{B01AA51D-EFA8-4F80-9ADF-BA2BB4A802C4}.Release|x86.ActiveCfg = Release|Win32
		{B01AA51D-EFA8-4F80-9ADF-BA2BB4A802C4}.Release|x86.Build.0 = Release|Win32
		{2FB62A48-1DCB-4C14-91FD-A9562A9CA4B5}.Debug|x64.ActiveCfg = Debug|x64
		{2FB62A48-1DCB-4C14-91FD-A9562A9CA4B5}.Debug|x64.Build.0 = Debug|x64
		{2FB62A48-1DCB-4C14-91FD-A9562A9CA4B5}.Debug|x86.ActiveCfg = Debug|Win32
		{2FB62A48-1DCB-4C14-91FD-A9562A9CA4B5}.Debug|x86.Build.0 = Debug|Win32
		{2FB62A48-1DCB-4C14-91FD-A9562A9CA4B5}.Release|x64.ActiveCfg = Release|x64
		{2FB62A48-1DCB-4C14-91FD-A9562A9CA4B5}.Release|x64.Build.0 = Release|x64
		{2FB62A48-1DCB-4C14-91FD-A9562A9CA4B5}.Release|x86.ActiveCfg = Release|Win32
		{2FB62A48-1DCB-4C14-91FD-A9562A9CA4B5}.Release|x86.Build.0 = Release|Win32
	EndGlobalSection
	GlobalSection(SolutionProperties) = preSolution
		HideSolutionNode = FALSE
	EndGlobalSection
	GlobalSection(ExtensibilityGlobals) = postSolution
		SolutionGuid = {D9A46839-CA0C-4711-96B0-0B1265B5A900}
	EndGlobalSection
EndGlobal
